// !$*UTF8*$!
{
	archiveVersion = 1;
	classes = {
	};
	objectVersion = 56;
	objects = {

/* Begin PBXBuildFile section */
		772EEF422AF00AEC0066F12C /* YandexCupMusicApp.swift in Sources */ = {isa = PBXBuildFile; fileRef = 772EEF412AF00AEC0066F12C /* YandexCupMusicApp.swift */; };
		772EEF462AF00AEE0066F12C /* Assets.xcassets in Resources */ = {isa = PBXBuildFile; fileRef = 772EEF452AF00AEE0066F12C /* Assets.xcassets */; };
		772EEF492AF00AEE0066F12C /* Preview Assets.xcassets in Resources */ = {isa = PBXBuildFile; fileRef = 772EEF482AF00AEE0066F12C /* Preview Assets.xcassets */; };
		7752DA102AF54297002EBD4D /* Domain in Frameworks */ = {isa = PBXBuildFile; productRef = 7752DA0F2AF54297002EBD4D /* Domain */; };
		7752DA122AF54297002EBD4D /* Interface in Frameworks */ = {isa = PBXBuildFile; productRef = 7752DA112AF54297002EBD4D /* Interface */; };
		7752DA142AF54297002EBD4D /* Persistence in Frameworks */ = {isa = PBXBuildFile; productRef = 7752DA132AF54297002EBD4D /* Persistence */; };
		7752DA162AF54297002EBD4D /* Presentation in Frameworks */ = {isa = PBXBuildFile; productRef = 7752DA152AF54297002EBD4D /* Presentation */; };
		7752DA182AF54297002EBD4D /* Processing in Frameworks */ = {isa = PBXBuildFile; productRef = 7752DA172AF54297002EBD4D /* Processing */; };
		7752DA1C2AF54636002EBD4D /* MainViewModelTests.swift in Sources */ = {isa = PBXBuildFile; fileRef = 7752DA1B2AF54636002EBD4D /* MainViewModelTests.swift */; };
		7752DA1F2AF54B39002EBD4D /* XCTestCase+MemoryLeaking.swift in Sources */ = {isa = PBXBuildFile; fileRef = 7752DA1E2AF54B39002EBD4D /* XCTestCase+MemoryLeaking.swift */; };
		7752DA212AF550EC002EBD4D /* ValueSpy.swift in Sources */ = {isa = PBXBuildFile; fileRef = 7752DA202AF550EC002EBD4D /* ValueSpy.swift */; };
		7752DA232AF577B1002EBD4D /* MainViewModel.swift in Sources */ = {isa = PBXBuildFile; fileRef = 7752DA222AF577B1002EBD4D /* MainViewModel.swift */; };
		7752DA262AF57859002EBD4D /* Publisher+ext.swift in Sources */ = {isa = PBXBuildFile; fileRef = 7752DA252AF57859002EBD4D /* Publisher+ext.swift */; };
		7752DA282AF578AE002EBD4D /* InstrumentSelectorViewModel+ext.swift in Sources */ = {isa = PBXBuildFile; fileRef = 7752DA272AF578AE002EBD4D /* InstrumentSelectorViewModel+ext.swift */; };
		7752DA2A2AF579C4002EBD4D /* AppModelTests.swift in Sources */ = {isa = PBXBuildFile; fileRef = 7752DA292AF579C4002EBD4D /* AppModelTests.swift */; };
		7752DA2C2AF59757002EBD4D /* AppModel.swift in Sources */ = {isa = PBXBuildFile; fileRef = 7752DA2B2AF59757002EBD4D /* AppModel.swift */; };
		7752DA2E2AF597C8002EBD4D /* LayersUpdate.swift in Sources */ = {isa = PBXBuildFile; fileRef = 7752DA2D2AF597C8002EBD4D /* LayersUpdate.swift */; };
		7752DA302AF5A794002EBD4D /* Producer+ext.swift in Sources */ = {isa = PBXBuildFile; fileRef = 7752DA2F2AF5A794002EBD4D /* Producer+ext.swift */; };
		7752DA322AF5A7CE002EBD4D /* SamplesLocalStore+ext.swift in Sources */ = {isa = PBXBuildFile; fileRef = 7752DA312AF5A7CE002EBD4D /* SamplesLocalStore+ext.swift */; };
		7752DA342AF63954002EBD4D /* MainView.swift in Sources */ = {isa = PBXBuildFile; fileRef = 7752DA332AF63954002EBD4D /* MainView.swift */; };
		7752DA362AF64A69002EBD4D /* SampleSelectorContainerView.swift in Sources */ = {isa = PBXBuildFile; fileRef = 7752DA352AF64A69002EBD4D /* SampleSelectorContainerView.swift */; };
		7752DA3B2AF64EB3002EBD4D /* AVAudioPlayer+ext.swift in Sources */ = {isa = PBXBuildFile; fileRef = 7752DA3A2AF64EB3002EBD4D /* AVAudioPlayer+ext.swift */; };
		7752DA3D2AF64F00002EBD4D /* AVAudioRecorder+ext.swift in Sources */ = {isa = PBXBuildFile; fileRef = 7752DA3C2AF64F00002EBD4D /* AVAudioRecorder+ext.swift */; };
		7752DA3F2AF6651F002EBD4D /* LayersControlContainerView.swift in Sources */ = {isa = PBXBuildFile; fileRef = 7752DA3E2AF6651F002EBD4D /* LayersControlContainerView.swift */; };
		778C1C422B14C03800D19683 /* AVAudioSession+ext.swift in Sources */ = {isa = PBXBuildFile; fileRef = 778C1C412B14C03800D19683 /* AVAudioSession+ext.swift */; };
		77D105472AF67C6C000D0A9E /* ControlPanelViewModel+ext.swift in Sources */ = {isa = PBXBuildFile; fileRef = 77D105462AF67C6C000D0A9E /* ControlPanelViewModel+ext.swift */; };
/* End PBXBuildFile section */

/* Begin PBXContainerItemProxy section */
		772EEF4F2AF00AEE0066F12C /* PBXContainerItemProxy */ = {
			isa = PBXContainerItemProxy;
			containerPortal = 772EEF362AF00AEC0066F12C /* Project object */;
			proxyType = 1;
			remoteGlobalIDString = 772EEF3D2AF00AEC0066F12C;
			remoteInfo = YandexCupMusicApp;
		};
/* End PBXContainerItemProxy section */

/* Begin PBXFileReference section */
		7717EB242AF0F1C500C3FB34 /* Presentation.xctestplan */ = {isa = PBXFileReference; lastKnownFileType = text; name = Presentation.xctestplan; path = Modules/Presentation.xctestplan; sourceTree = "<group>"; };
		772EEF3E2AF00AEC0066F12C /* YandexCupMusicApp.app */ = {isa = PBXFileReference; explicitFileType = wrapper.application; includeInIndex = 0; path = YandexCupMusicApp.app; sourceTree = BUILT_PRODUCTS_DIR; };
		772EEF412AF00AEC0066F12C /* YandexCupMusicApp.swift */ = {isa = PBXFileReference; lastKnownFileType = sourcecode.swift; path = YandexCupMusicApp.swift; sourceTree = "<group>"; };
		772EEF452AF00AEE0066F12C /* Assets.xcassets */ = {isa = PBXFileReference; lastKnownFileType = folder.assetcatalog; path = Assets.xcassets; sourceTree = "<group>"; };
		772EEF482AF00AEE0066F12C /* Preview Assets.xcassets */ = {isa = PBXFileReference; lastKnownFileType = folder.assetcatalog; path = "Preview Assets.xcassets"; sourceTree = "<group>"; };
		772EEF4E2AF00AEE0066F12C /* YandexCupMusicAppTests.xctest */ = {isa = PBXFileReference; explicitFileType = wrapper.cfbundle; includeInIndex = 0; path = YandexCupMusicAppTests.xctest; sourceTree = BUILT_PRODUCTS_DIR; };
		772EEF6E2AF00E5C0066F12C /* Modules */ = {isa = PBXFileReference; lastKnownFileType = wrapper; path = Modules; sourceTree = "<group>"; };
		7752DA0D2AF54242002EBD4D /* CI.xctestplan */ = {isa = PBXFileReference; lastKnownFileType = text; path = CI.xctestplan; sourceTree = "<group>"; };
		7752DA1B2AF54636002EBD4D /* MainViewModelTests.swift */ = {isa = PBXFileReference; lastKnownFileType = sourcecode.swift; path = MainViewModelTests.swift; sourceTree = "<group>"; };
		7752DA1E2AF54B39002EBD4D /* XCTestCase+MemoryLeaking.swift */ = {isa = PBXFileReference; fileEncoding = 4; lastKnownFileType = sourcecode.swift; path = "XCTestCase+MemoryLeaking.swift"; sourceTree = "<group>"; };
		7752DA202AF550EC002EBD4D /* ValueSpy.swift */ = {isa = PBXFileReference; lastKnownFileType = sourcecode.swift; path = ValueSpy.swift; sourceTree = "<group>"; };
		7752DA222AF577B1002EBD4D /* MainViewModel.swift */ = {isa = PBXFileReference; lastKnownFileType = sourcecode.swift; path = MainViewModel.swift; sourceTree = "<group>"; };
		7752DA252AF57859002EBD4D /* Publisher+ext.swift */ = {isa = PBXFileReference; lastKnownFileType = sourcecode.swift; path = "Publisher+ext.swift"; sourceTree = "<group>"; };
		7752DA272AF578AE002EBD4D /* InstrumentSelectorViewModel+ext.swift */ = {isa = PBXFileReference; lastKnownFileType = sourcecode.swift; path = "InstrumentSelectorViewModel+ext.swift"; sourceTree = "<group>"; };
		7752DA292AF579C4002EBD4D /* AppModelTests.swift */ = {isa = PBXFileReference; lastKnownFileType = sourcecode.swift; path = AppModelTests.swift; sourceTree = "<group>"; };
		7752DA2B2AF59757002EBD4D /* AppModel.swift */ = {isa = PBXFileReference; lastKnownFileType = sourcecode.swift; path = AppModel.swift; sourceTree = "<group>"; };
		7752DA2D2AF597C8002EBD4D /* LayersUpdate.swift */ = {isa = PBXFileReference; lastKnownFileType = sourcecode.swift; path = LayersUpdate.swift; sourceTree = "<group>"; };
		7752DA2F2AF5A794002EBD4D /* Producer+ext.swift */ = {isa = PBXFileReference; lastKnownFileType = sourcecode.swift; path = "Producer+ext.swift"; sourceTree = "<group>"; };
		7752DA312AF5A7CE002EBD4D /* SamplesLocalStore+ext.swift */ = {isa = PBXFileReference; lastKnownFileType = sourcecode.swift; path = "SamplesLocalStore+ext.swift"; sourceTree = "<group>"; };
		7752DA332AF63954002EBD4D /* MainView.swift */ = {isa = PBXFileReference; lastKnownFileType = sourcecode.swift; path = MainView.swift; sourceTree = "<group>"; };
		7752DA352AF64A69002EBD4D /* SampleSelectorContainerView.swift */ = {isa = PBXFileReference; lastKnownFileType = sourcecode.swift; path = SampleSelectorContainerView.swift; sourceTree = "<group>"; };
		7752DA3A2AF64EB3002EBD4D /* AVAudioPlayer+ext.swift */ = {isa = PBXFileReference; lastKnownFileType = sourcecode.swift; path = "AVAudioPlayer+ext.swift"; sourceTree = "<group>"; };
		7752DA3C2AF64F00002EBD4D /* AVAudioRecorder+ext.swift */ = {isa = PBXFileReference; lastKnownFileType = sourcecode.swift; path = "AVAudioRecorder+ext.swift"; sourceTree = "<group>"; };
		7752DA3E2AF6651F002EBD4D /* LayersControlContainerView.swift */ = {isa = PBXFileReference; lastKnownFileType = sourcecode.swift; path = LayersControlContainerView.swift; sourceTree = "<group>"; };
		778C1C412B14C03800D19683 /* AVAudioSession+ext.swift */ = {isa = PBXFileReference; lastKnownFileType = sourcecode.swift; path = "AVAudioSession+ext.swift"; sourceTree = "<group>"; };
		77D105452AF668E7000D0A9E /* YandexCupMusicApp.xctestplan */ = {isa = PBXFileReference; lastKnownFileType = text; path = YandexCupMusicApp.xctestplan; sourceTree = "<group>"; };
		77D105462AF67C6C000D0A9E /* ControlPanelViewModel+ext.swift */ = {isa = PBXFileReference; lastKnownFileType = sourcecode.swift; path = "ControlPanelViewModel+ext.swift"; sourceTree = "<group>"; };
		77D105482AF7F5FC000D0A9E /* AVAudioEnginePlayground.playground */ = {isa = PBXFileReference; lastKnownFileType = file.playground; path = AVAudioEnginePlayground.playground; sourceTree = "<group>"; xcLanguageSpecificationIdentifier = xcode.lang.swift; };
		77E51C3E2AF252CE003EA732 /* AVAudioPlayerPlayground.playground */ = {isa = PBXFileReference; lastKnownFileType = file.playground; path = AVAudioPlayerPlayground.playground; sourceTree = "<group>"; xcLanguageSpecificationIdentifier = xcode.lang.swift; };
		77E51C3F2AF261A0003EA732 /* Persistence.xctestplan */ = {isa = PBXFileReference; lastKnownFileType = text; name = Persistence.xctestplan; path = Modules/Persistence.xctestplan; sourceTree = "<group>"; };
		77E51C402AF26381003EA732 /* Processing.xctestplan */ = {isa = PBXFileReference; lastKnownFileType = text; name = Processing.xctestplan; path = Modules/Processing.xctestplan; sourceTree = "<group>"; };
/* End PBXFileReference section */

/* Begin PBXFrameworksBuildPhase section */
		772EEF3B2AF00AEC0066F12C /* Frameworks */ = {
			isa = PBXFrameworksBuildPhase;
			buildActionMask = 2147483647;
			files = (
				7752DA182AF54297002EBD4D /* Processing in Frameworks */,
				7752DA162AF54297002EBD4D /* Presentation in Frameworks */,
				7752DA142AF54297002EBD4D /* Persistence in Frameworks */,
				7752DA122AF54297002EBD4D /* Interface in Frameworks */,
				7752DA102AF54297002EBD4D /* Domain in Frameworks */,
			);
			runOnlyForDeploymentPostprocessing = 0;
		};
		772EEF4B2AF00AEE0066F12C /* Frameworks */ = {
			isa = PBXFrameworksBuildPhase;
			buildActionMask = 2147483647;
			files = (
			);
			runOnlyForDeploymentPostprocessing = 0;
		};
/* End PBXFrameworksBuildPhase section */

/* Begin PBXGroup section */
		772EEF352AF00AEC0066F12C = {
			isa = PBXGroup;
			children = (
				77D105452AF668E7000D0A9E /* YandexCupMusicApp.xctestplan */,
				7752DA0D2AF54242002EBD4D /* CI.xctestplan */,
				77E51C402AF26381003EA732 /* Processing.xctestplan */,
				77E51C3F2AF261A0003EA732 /* Persistence.xctestplan */,
				7717EB242AF0F1C500C3FB34 /* Presentation.xctestplan */,
				772EEF6E2AF00E5C0066F12C /* Modules */,
				772EEF402AF00AEC0066F12C /* YandexCupMusicApp */,
				772EEF512AF00AEE0066F12C /* YandexCupMusicAppTests */,
				772EEF3F2AF00AEC0066F12C /* Products */,
				7752DA0E2AF54297002EBD4D /* Frameworks */,
			);
			sourceTree = "<group>";
		};
		772EEF3F2AF00AEC0066F12C /* Products */ = {
			isa = PBXGroup;
			children = (
				772EEF3E2AF00AEC0066F12C /* YandexCupMusicApp.app */,
				772EEF4E2AF00AEE0066F12C /* YandexCupMusicAppTests.xctest */,
			);
			name = Products;
			sourceTree = "<group>";
		};
		772EEF402AF00AEC0066F12C /* YandexCupMusicApp */ = {
			isa = PBXGroup;
			children = (
				772EEF412AF00AEC0066F12C /* YandexCupMusicApp.swift */,
				7752DA382AF64E2F002EBD4D /* Model */,
				7752DA392AF64E47002EBD4D /* ViewModel */,
				7752DA372AF64E19002EBD4D /* View */,
				7752DA242AF57842002EBD4D /* Extensions */,
				772EEF452AF00AEE0066F12C /* Assets.xcassets */,
				772EEF472AF00AEE0066F12C /* Preview Content */,
			);
			path = YandexCupMusicApp;
			sourceTree = "<group>";
		};
		772EEF472AF00AEE0066F12C /* Preview Content */ = {
			isa = PBXGroup;
			children = (
				77E51C3E2AF252CE003EA732 /* AVAudioPlayerPlayground.playground */,
				77D105482AF7F5FC000D0A9E /* AVAudioEnginePlayground.playground */,
				772EEF482AF00AEE0066F12C /* Preview Assets.xcassets */,
			);
			path = "Preview Content";
			sourceTree = "<group>";
		};
		772EEF512AF00AEE0066F12C /* YandexCupMusicAppTests */ = {
			isa = PBXGroup;
			children = (
				7752DA1D2AF54B29002EBD4D /* Helpers */,
				7752DA292AF579C4002EBD4D /* AppModelTests.swift */,
				7752DA1B2AF54636002EBD4D /* MainViewModelTests.swift */,
			);
			path = YandexCupMusicAppTests;
			sourceTree = "<group>";
		};
		7752DA0E2AF54297002EBD4D /* Frameworks */ = {
			isa = PBXGroup;
			children = (
			);
			name = Frameworks;
			sourceTree = "<group>";
		};
		7752DA1D2AF54B29002EBD4D /* Helpers */ = {
			isa = PBXGroup;
			children = (
				7752DA202AF550EC002EBD4D /* ValueSpy.swift */,
				7752DA1E2AF54B39002EBD4D /* XCTestCase+MemoryLeaking.swift */,
			);
			path = Helpers;
			sourceTree = "<group>";
		};
		7752DA242AF57842002EBD4D /* Extensions */ = {
			isa = PBXGroup;
			children = (
				7752DA252AF57859002EBD4D /* Publisher+ext.swift */,
				7752DA272AF578AE002EBD4D /* InstrumentSelectorViewModel+ext.swift */,
				7752DA2F2AF5A794002EBD4D /* Producer+ext.swift */,
				7752DA312AF5A7CE002EBD4D /* SamplesLocalStore+ext.swift */,
				7752DA3A2AF64EB3002EBD4D /* AVAudioPlayer+ext.swift */,
				7752DA3C2AF64F00002EBD4D /* AVAudioRecorder+ext.swift */,
				778C1C412B14C03800D19683 /* AVAudioSession+ext.swift */,
				77D105462AF67C6C000D0A9E /* ControlPanelViewModel+ext.swift */,
			);
			path = Extensions;
			sourceTree = "<group>";
		};
		7752DA372AF64E19002EBD4D /* View */ = {
			isa = PBXGroup;
			children = (
				7752DA332AF63954002EBD4D /* MainView.swift */,
				7752DA352AF64A69002EBD4D /* SampleSelectorContainerView.swift */,
				7752DA3E2AF6651F002EBD4D /* LayersControlContainerView.swift */,
			);
			path = View;
			sourceTree = "<group>";
		};
		7752DA382AF64E2F002EBD4D /* Model */ = {
			isa = PBXGroup;
			children = (
				7752DA2B2AF59757002EBD4D /* AppModel.swift */,
				7752DA2D2AF597C8002EBD4D /* LayersUpdate.swift */,
			);
			path = Model;
			sourceTree = "<group>";
		};
		7752DA392AF64E47002EBD4D /* ViewModel */ = {
			isa = PBXGroup;
			children = (
				7752DA222AF577B1002EBD4D /* MainViewModel.swift */,
			);
			path = ViewModel;
			sourceTree = "<group>";
		};
/* End PBXGroup section */

/* Begin PBXNativeTarget section */
		772EEF3D2AF00AEC0066F12C /* YandexCupMusicApp */ = {
			isa = PBXNativeTarget;
			buildConfigurationList = 772EEF622AF00AEE0066F12C /* Build configuration list for PBXNativeTarget "YandexCupMusicApp" */;
			buildPhases = (
				772EEF3A2AF00AEC0066F12C /* Sources */,
				772EEF3B2AF00AEC0066F12C /* Frameworks */,
				772EEF3C2AF00AEC0066F12C /* Resources */,
			);
			buildRules = (
			);
			dependencies = (
			);
			name = YandexCupMusicApp;
			packageProductDependencies = (
				7752DA0F2AF54297002EBD4D /* Domain */,
				7752DA112AF54297002EBD4D /* Interface */,
				7752DA132AF54297002EBD4D /* Persistence */,
				7752DA152AF54297002EBD4D /* Presentation */,
				7752DA172AF54297002EBD4D /* Processing */,
			);
			productName = YandexCupMusicApp;
			productReference = 772EEF3E2AF00AEC0066F12C /* YandexCupMusicApp.app */;
			productType = "com.apple.product-type.application";
		};
		772EEF4D2AF00AEE0066F12C /* YandexCupMusicAppTests */ = {
			isa = PBXNativeTarget;
			buildConfigurationList = 772EEF652AF00AEE0066F12C /* Build configuration list for PBXNativeTarget "YandexCupMusicAppTests" */;
			buildPhases = (
				772EEF4A2AF00AEE0066F12C /* Sources */,
				772EEF4B2AF00AEE0066F12C /* Frameworks */,
				772EEF4C2AF00AEE0066F12C /* Resources */,
			);
			buildRules = (
			);
			dependencies = (
				772EEF502AF00AEE0066F12C /* PBXTargetDependency */,
			);
			name = YandexCupMusicAppTests;
			productName = YandexCupMusicAppTests;
			productReference = 772EEF4E2AF00AEE0066F12C /* YandexCupMusicAppTests.xctest */;
			productType = "com.apple.product-type.bundle.unit-test";
		};
/* End PBXNativeTarget section */

/* Begin PBXProject section */
		772EEF362AF00AEC0066F12C /* Project object */ = {
			isa = PBXProject;
			attributes = {
				BuildIndependentTargetsInParallel = 1;
				LastSwiftUpdateCheck = 1500;
				LastUpgradeCheck = 1500;
				TargetAttributes = {
					772EEF3D2AF00AEC0066F12C = {
						CreatedOnToolsVersion = 15.0;
					};
					772EEF4D2AF00AEE0066F12C = {
						CreatedOnToolsVersion = 15.0;
						LastSwiftMigration = 1500;
						TestTargetID = 772EEF3D2AF00AEC0066F12C;
					};
				};
			};
			buildConfigurationList = 772EEF392AF00AEC0066F12C /* Build configuration list for PBXProject "YandexCupMusicApp" */;
			compatibilityVersion = "Xcode 14.0";
			developmentRegion = en;
			hasScannedForEncodings = 0;
			knownRegions = (
				en,
				Base,
			);
			mainGroup = 772EEF352AF00AEC0066F12C;
			packageReferences = (
			);
			productRefGroup = 772EEF3F2AF00AEC0066F12C /* Products */;
			projectDirPath = "";
			projectRoot = "";
			targets = (
				772EEF3D2AF00AEC0066F12C /* YandexCupMusicApp */,
				772EEF4D2AF00AEE0066F12C /* YandexCupMusicAppTests */,
			);
		};
/* End PBXProject section */

/* Begin PBXResourcesBuildPhase section */
		772EEF3C2AF00AEC0066F12C /* Resources */ = {
			isa = PBXResourcesBuildPhase;
			buildActionMask = 2147483647;
			files = (
				772EEF492AF00AEE0066F12C /* Preview Assets.xcassets in Resources */,
				772EEF462AF00AEE0066F12C /* Assets.xcassets in Resources */,
			);
			runOnlyForDeploymentPostprocessing = 0;
		};
		772EEF4C2AF00AEE0066F12C /* Resources */ = {
			isa = PBXResourcesBuildPhase;
			buildActionMask = 2147483647;
			files = (
			);
			runOnlyForDeploymentPostprocessing = 0;
		};
/* End PBXResourcesBuildPhase section */

/* Begin PBXSourcesBuildPhase section */
		772EEF3A2AF00AEC0066F12C /* Sources */ = {
			isa = PBXSourcesBuildPhase;
			buildActionMask = 2147483647;
			files = (
				7752DA2E2AF597C8002EBD4D /* LayersUpdate.swift in Sources */,
				77D105472AF67C6C000D0A9E /* ControlPanelViewModel+ext.swift in Sources */,
				7752DA262AF57859002EBD4D /* Publisher+ext.swift in Sources */,
				7752DA2C2AF59757002EBD4D /* AppModel.swift in Sources */,
				7752DA342AF63954002EBD4D /* MainView.swift in Sources */,
				7752DA3B2AF64EB3002EBD4D /* AVAudioPlayer+ext.swift in Sources */,
				772EEF422AF00AEC0066F12C /* YandexCupMusicApp.swift in Sources */,
				7752DA362AF64A69002EBD4D /* SampleSelectorContainerView.swift in Sources */,
				7752DA3D2AF64F00002EBD4D /* AVAudioRecorder+ext.swift in Sources */,
				7752DA302AF5A794002EBD4D /* Producer+ext.swift in Sources */,
				7752DA232AF577B1002EBD4D /* MainViewModel.swift in Sources */,
				778C1C422B14C03800D19683 /* AVAudioSession+ext.swift in Sources */,
				7752DA322AF5A7CE002EBD4D /* SamplesLocalStore+ext.swift in Sources */,
				7752DA282AF578AE002EBD4D /* InstrumentSelectorViewModel+ext.swift in Sources */,
				7752DA3F2AF6651F002EBD4D /* LayersControlContainerView.swift in Sources */,
			);
			runOnlyForDeploymentPostprocessing = 0;
		};
		772EEF4A2AF00AEE0066F12C /* Sources */ = {
			isa = PBXSourcesBuildPhase;
			buildActionMask = 2147483647;
			files = (
				7752DA1C2AF54636002EBD4D /* MainViewModelTests.swift in Sources */,
				7752DA212AF550EC002EBD4D /* ValueSpy.swift in Sources */,
				7752DA1F2AF54B39002EBD4D /* XCTestCase+MemoryLeaking.swift in Sources */,
				7752DA2A2AF579C4002EBD4D /* AppModelTests.swift in Sources */,
			);
			runOnlyForDeploymentPostprocessing = 0;
		};
/* End PBXSourcesBuildPhase section */

/* Begin PBXTargetDependency section */
		772EEF502AF00AEE0066F12C /* PBXTargetDependency */ = {
			isa = PBXTargetDependency;
			target = 772EEF3D2AF00AEC0066F12C /* YandexCupMusicApp */;
			targetProxy = 772EEF4F2AF00AEE0066F12C /* PBXContainerItemProxy */;
		};
/* End PBXTargetDependency section */

/* Begin XCBuildConfiguration section */
		772EEF602AF00AEE0066F12C /* Debug */ = {
			isa = XCBuildConfiguration;
			buildSettings = {
				ALWAYS_SEARCH_USER_PATHS = NO;
				ASSETCATALOG_COMPILER_GENERATE_SWIFT_ASSET_SYMBOL_EXTENSIONS = YES;
				CLANG_ANALYZER_NONNULL = YES;
				CLANG_ANALYZER_NUMBER_OBJECT_CONVERSION = YES_AGGRESSIVE;
				CLANG_CXX_LANGUAGE_STANDARD = "gnu++20";
				CLANG_ENABLE_MODULES = YES;
				CLANG_ENABLE_OBJC_ARC = YES;
				CLANG_ENABLE_OBJC_WEAK = YES;
				CLANG_WARN_BLOCK_CAPTURE_AUTORELEASING = YES;
				CLANG_WARN_BOOL_CONVERSION = YES;
				CLANG_WARN_COMMA = YES;
				CLANG_WARN_CONSTANT_CONVERSION = YES;
				CLANG_WARN_DEPRECATED_OBJC_IMPLEMENTATIONS = YES;
				CLANG_WARN_DIRECT_OBJC_ISA_USAGE = YES_ERROR;
				CLANG_WARN_DOCUMENTATION_COMMENTS = YES;
				CLANG_WARN_EMPTY_BODY = YES;
				CLANG_WARN_ENUM_CONVERSION = YES;
				CLANG_WARN_INFINITE_RECURSION = YES;
				CLANG_WARN_INT_CONVERSION = YES;
				CLANG_WARN_NON_LITERAL_NULL_CONVERSION = YES;
				CLANG_WARN_OBJC_IMPLICIT_RETAIN_SELF = YES;
				CLANG_WARN_OBJC_LITERAL_CONVERSION = YES;
				CLANG_WARN_OBJC_ROOT_CLASS = YES_ERROR;
				CLANG_WARN_QUOTED_INCLUDE_IN_FRAMEWORK_HEADER = YES;
				CLANG_WARN_RANGE_LOOP_ANALYSIS = YES;
				CLANG_WARN_STRICT_PROTOTYPES = YES;
				CLANG_WARN_SUSPICIOUS_MOVE = YES;
				CLANG_WARN_UNGUARDED_AVAILABILITY = YES_AGGRESSIVE;
				CLANG_WARN_UNREACHABLE_CODE = YES;
				CLANG_WARN__DUPLICATE_METHOD_MATCH = YES;
				COPY_PHASE_STRIP = NO;
				DEBUG_INFORMATION_FORMAT = dwarf;
				ENABLE_STRICT_OBJC_MSGSEND = YES;
				ENABLE_TESTABILITY = YES;
				ENABLE_USER_SCRIPT_SANDBOXING = YES;
				GCC_C_LANGUAGE_STANDARD = gnu17;
				GCC_DYNAMIC_NO_PIC = NO;
				GCC_NO_COMMON_BLOCKS = YES;
				GCC_OPTIMIZATION_LEVEL = 0;
				GCC_PREPROCESSOR_DEFINITIONS = (
					"DEBUG=1",
					"$(inherited)",
				);
				GCC_WARN_64_TO_32_BIT_CONVERSION = YES;
				GCC_WARN_ABOUT_RETURN_TYPE = YES_ERROR;
				GCC_WARN_UNDECLARED_SELECTOR = YES;
				GCC_WARN_UNINITIALIZED_AUTOS = YES_AGGRESSIVE;
				GCC_WARN_UNUSED_FUNCTION = YES;
				GCC_WARN_UNUSED_VARIABLE = YES;
				IPHONEOS_DEPLOYMENT_TARGET = 17.0;
				LOCALIZATION_PREFERS_STRING_CATALOGS = YES;
				MTL_ENABLE_DEBUG_INFO = INCLUDE_SOURCE;
				MTL_FAST_MATH = YES;
				ONLY_ACTIVE_ARCH = YES;
				SDKROOT = iphoneos;
				SWIFT_ACTIVE_COMPILATION_CONDITIONS = "DEBUG $(inherited)";
				SWIFT_OPTIMIZATION_LEVEL = "-Onone";
			};
			name = Debug;
		};
		772EEF612AF00AEE0066F12C /* Release */ = {
			isa = XCBuildConfiguration;
			buildSettings = {
				ALWAYS_SEARCH_USER_PATHS = NO;
				ASSETCATALOG_COMPILER_GENERATE_SWIFT_ASSET_SYMBOL_EXTENSIONS = YES;
				CLANG_ANALYZER_NONNULL = YES;
				CLANG_ANALYZER_NUMBER_OBJECT_CONVERSION = YES_AGGRESSIVE;
				CLANG_CXX_LANGUAGE_STANDARD = "gnu++20";
				CLANG_ENABLE_MODULES = YES;
				CLANG_ENABLE_OBJC_ARC = YES;
				CLANG_ENABLE_OBJC_WEAK = YES;
				CLANG_WARN_BLOCK_CAPTURE_AUTORELEASING = YES;
				CLANG_WARN_BOOL_CONVERSION = YES;
				CLANG_WARN_COMMA = YES;
				CLANG_WARN_CONSTANT_CONVERSION = YES;
				CLANG_WARN_DEPRECATED_OBJC_IMPLEMENTATIONS = YES;
				CLANG_WARN_DIRECT_OBJC_ISA_USAGE = YES_ERROR;
				CLANG_WARN_DOCUMENTATION_COMMENTS = YES;
				CLANG_WARN_EMPTY_BODY = YES;
				CLANG_WARN_ENUM_CONVERSION = YES;
				CLANG_WARN_INFINITE_RECURSION = YES;
				CLANG_WARN_INT_CONVERSION = YES;
				CLANG_WARN_NON_LITERAL_NULL_CONVERSION = YES;
				CLANG_WARN_OBJC_IMPLICIT_RETAIN_SELF = YES;
				CLANG_WARN_OBJC_LITERAL_CONVERSION = YES;
				CLANG_WARN_OBJC_ROOT_CLASS = YES_ERROR;
				CLANG_WARN_QUOTED_INCLUDE_IN_FRAMEWORK_HEADER = YES;
				CLANG_WARN_RANGE_LOOP_ANALYSIS = YES;
				CLANG_WARN_STRICT_PROTOTYPES = YES;
				CLANG_WARN_SUSPICIOUS_MOVE = YES;
				CLANG_WARN_UNGUARDED_AVAILABILITY = YES_AGGRESSIVE;
				CLANG_WARN_UNREACHABLE_CODE = YES;
				CLANG_WARN__DUPLICATE_METHOD_MATCH = YES;
				COPY_PHASE_STRIP = NO;
				DEBUG_INFORMATION_FORMAT = "dwarf-with-dsym";
				ENABLE_NS_ASSERTIONS = NO;
				ENABLE_STRICT_OBJC_MSGSEND = YES;
				ENABLE_USER_SCRIPT_SANDBOXING = YES;
				GCC_C_LANGUAGE_STANDARD = gnu17;
				GCC_NO_COMMON_BLOCKS = YES;
				GCC_WARN_64_TO_32_BIT_CONVERSION = YES;
				GCC_WARN_ABOUT_RETURN_TYPE = YES_ERROR;
				GCC_WARN_UNDECLARED_SELECTOR = YES;
				GCC_WARN_UNINITIALIZED_AUTOS = YES_AGGRESSIVE;
				GCC_WARN_UNUSED_FUNCTION = YES;
				GCC_WARN_UNUSED_VARIABLE = YES;
				IPHONEOS_DEPLOYMENT_TARGET = 17.0;
				LOCALIZATION_PREFERS_STRING_CATALOGS = YES;
				MTL_ENABLE_DEBUG_INFO = NO;
				MTL_FAST_MATH = YES;
				SDKROOT = iphoneos;
				SWIFT_COMPILATION_MODE = wholemodule;
				VALIDATE_PRODUCT = YES;
			};
			name = Release;
		};
		772EEF632AF00AEE0066F12C /* Debug */ = {
			isa = XCBuildConfiguration;
			buildSettings = {
				ASSETCATALOG_COMPILER_APPICON_NAME = AppIcon;
				ASSETCATALOG_COMPILER_GLOBAL_ACCENT_COLOR_NAME = AccentColor;
				CODE_SIGN_STYLE = Automatic;
				CURRENT_PROJECT_VERSION = 1;
				DEVELOPMENT_ASSET_PATHS = "\"YandexCupMusicApp/Preview Content\"";
				DEVELOPMENT_TEAM = 29E66XW7ZX;
				ENABLE_PREVIEWS = YES;
				GENERATE_INFOPLIST_FILE = YES;
				INFOPLIST_KEY_NSMicrophoneUsageDescription = "Letting user record its own samples";
				INFOPLIST_KEY_UIApplicationSceneManifest_Generation = YES;
				INFOPLIST_KEY_UIApplicationSupportsIndirectInputEvents = YES;
				INFOPLIST_KEY_UILaunchScreen_Generation = YES;
				INFOPLIST_KEY_UISupportedInterfaceOrientations = UIInterfaceOrientationPortrait;
				INFOPLIST_KEY_UISupportedInterfaceOrientations_iPad = "UIInterfaceOrientationLandscapeLeft UIInterfaceOrientationLandscapeRight UIInterfaceOrientationPortrait UIInterfaceOrientationPortraitUpsideDown";
				IPHONEOS_DEPLOYMENT_TARGET = 16.0;
				LD_RUNPATH_SEARCH_PATHS = (
					"$(inherited)",
					"@executable_path/Frameworks",
				);
				MARKETING_VERSION = 1.0;
				PRODUCT_BUNDLE_IDENTIFIER = pro.maxgribov.YandexCupMusicApp;
				PRODUCT_NAME = "$(TARGET_NAME)";
				SUPPORTED_PLATFORMS = "iphoneos iphonesimulator";
				SUPPORTS_MACCATALYST = NO;
				SUPPORTS_MAC_DESIGNED_FOR_IPHONE_IPAD = NO;
				SWIFT_EMIT_LOC_STRINGS = YES;
				SWIFT_VERSION = 5.0;
				TARGETED_DEVICE_FAMILY = 1;
			};
			name = Debug;
		};
		772EEF642AF00AEE0066F12C /* Release */ = {
			isa = XCBuildConfiguration;
			buildSettings = {
				ASSETCATALOG_COMPILER_APPICON_NAME = AppIcon;
				ASSETCATALOG_COMPILER_GLOBAL_ACCENT_COLOR_NAME = AccentColor;
				CODE_SIGN_STYLE = Automatic;
				CURRENT_PROJECT_VERSION = 1;
				DEVELOPMENT_ASSET_PATHS = "\"YandexCupMusicApp/Preview Content\"";
				DEVELOPMENT_TEAM = 29E66XW7ZX;
				ENABLE_PREVIEWS = YES;
				GENERATE_INFOPLIST_FILE = YES;
				INFOPLIST_KEY_NSMicrophoneUsageDescription = "Letting user record its own samples";
				INFOPLIST_KEY_UIApplicationSceneManifest_Generation = YES;
				INFOPLIST_KEY_UIApplicationSupportsIndirectInputEvents = YES;
				INFOPLIST_KEY_UILaunchScreen_Generation = YES;
				INFOPLIST_KEY_UISupportedInterfaceOrientations = UIInterfaceOrientationPortrait;
				INFOPLIST_KEY_UISupportedInterfaceOrientations_iPad = "UIInterfaceOrientationLandscapeLeft UIInterfaceOrientationLandscapeRight UIInterfaceOrientationPortrait UIInterfaceOrientationPortraitUpsideDown";
				IPHONEOS_DEPLOYMENT_TARGET = 16.0;
				LD_RUNPATH_SEARCH_PATHS = (
					"$(inherited)",
					"@executable_path/Frameworks",
				);
				MARKETING_VERSION = 1.0;
				PRODUCT_BUNDLE_IDENTIFIER = pro.maxgribov.YandexCupMusicApp;
				PRODUCT_NAME = "$(TARGET_NAME)";
				SUPPORTED_PLATFORMS = "iphoneos iphonesimulator";
				SUPPORTS_MACCATALYST = NO;
				SUPPORTS_MAC_DESIGNED_FOR_IPHONE_IPAD = NO;
				SWIFT_EMIT_LOC_STRINGS = YES;
				SWIFT_VERSION = 5.0;
				TARGETED_DEVICE_FAMILY = 1;
			};
			name = Release;
		};
		772EEF662AF00AEE0066F12C /* Debug */ = {
			isa = XCBuildConfiguration;
			buildSettings = {
				ALWAYS_EMBED_SWIFT_STANDARD_LIBRARIES = YES;
				BUNDLE_LOADER = "$(TEST_HOST)";
				CLANG_ENABLE_MODULES = YES;
				CODE_SIGN_STYLE = Automatic;
				CURRENT_PROJECT_VERSION = 1;
				DEVELOPMENT_TEAM = 29E66XW7ZX;
				GENERATE_INFOPLIST_FILE = YES;
				IPHONEOS_DEPLOYMENT_TARGET = 17.0;
				MARKETING_VERSION = 1.0;
				PRODUCT_BUNDLE_IDENTIFIER = pro.maxgribov.YandexCupMusicAppTests;
				PRODUCT_NAME = "$(TARGET_NAME)";
				SWIFT_EMIT_LOC_STRINGS = NO;
				SWIFT_OPTIMIZATION_LEVEL = "-Onone";
				SWIFT_VERSION = 5.0;
				TARGETED_DEVICE_FAMILY = "1,2";
				TEST_HOST = "$(BUILT_PRODUCTS_DIR)/YandexCupMusicApp.app/$(BUNDLE_EXECUTABLE_FOLDER_PATH)/YandexCupMusicApp";
			};
			name = Debug;
		};
		772EEF672AF00AEE0066F12C /* Release */ = {
			isa = XCBuildConfiguration;
			buildSettings = {
				ALWAYS_EMBED_SWIFT_STANDARD_LIBRARIES = YES;
				BUNDLE_LOADER = "$(TEST_HOST)";
				CLANG_ENABLE_MODULES = YES;
				CODE_SIGN_STYLE = Automatic;
				CURRENT_PROJECT_VERSION = 1;
				DEVELOPMENT_TEAM = 29E66XW7ZX;
				GENERATE_INFOPLIST_FILE = YES;
				IPHONEOS_DEPLOYMENT_TARGET = 17.0;
				MARKETING_VERSION = 1.0;
				PRODUCT_BUNDLE_IDENTIFIER = pro.maxgribov.YandexCupMusicAppTests;
				PRODUCT_NAME = "$(TARGET_NAME)";
				SWIFT_EMIT_LOC_STRINGS = NO;
				SWIFT_VERSION = 5.0;
				TARGETED_DEVICE_FAMILY = "1,2";
				TEST_HOST = "$(BUILT_PRODUCTS_DIR)/YandexCupMusicApp.app/$(BUNDLE_EXECUTABLE_FOLDER_PATH)/YandexCupMusicApp";
			};
			name = Release;
		};
/* End XCBuildConfiguration section */

/* Begin XCConfigurationList section */
		772EEF392AF00AEC0066F12C /* Build configuration list for PBXProject "YandexCupMusicApp" */ = {
			isa = XCConfigurationList;
			buildConfigurations = (
				772EEF602AF00AEE0066F12C /* Debug */,
				772EEF612AF00AEE0066F12C /* Release */,
			);
			defaultConfigurationIsVisible = 0;
			defaultConfigurationName = Release;
		};
		772EEF622AF00AEE0066F12C /* Build configuration list for PBXNativeTarget "YandexCupMusicApp" */ = {
			isa = XCConfigurationList;
			buildConfigurations = (
				772EEF632AF00AEE0066F12C /* Debug */,
				772EEF642AF00AEE0066F12C /* Release */,
			);
			defaultConfigurationIsVisible = 0;
			defaultConfigurationName = Release;
		};
		772EEF652AF00AEE0066F12C /* Build configuration list for PBXNativeTarget "YandexCupMusicAppTests" */ = {
			isa = XCConfigurationList;
			buildConfigurations = (
				772EEF662AF00AEE0066F12C /* Debug */,
				772EEF672AF00AEE0066F12C /* Release */,
			);
			defaultConfigurationIsVisible = 0;
			defaultConfigurationName = Release;
		};
/* End XCConfigurationList section */

/* Begin XCSwiftPackageProductDependency section */
		7752DA0F2AF54297002EBD4D /* Domain */ = {
			isa = XCSwiftPackageProductDependency;
			productName = Domain;
		};
		7752DA112AF54297002EBD4D /* Interface */ = {
			isa = XCSwiftPackageProductDependency;
			productName = Interface;
		};
		7752DA132AF54297002EBD4D /* Persistence */ = {
			isa = XCSwiftPackageProductDependency;
			productName = Persistence;
		};
		7752DA152AF54297002EBD4D /* Presentation */ = {
			isa = XCSwiftPackageProductDependency;
			productName = Presentation;
		};
		7752DA172AF54297002EBD4D /* Processing */ = {
			isa = XCSwiftPackageProductDependency;
			productName = Processing;
		};
/* End XCSwiftPackageProductDependency section */
	};
	rootObject = 772EEF362AF00AEC0066F12C /* Project object */;
}
